
Microsoft Visual Studio Solution File, Format Version 12.00
# Visual Studio Version 17
VisualStudioVersion = 17.9.34728.123
MinimumVisualStudioVersion = 10.0.40219.1
Project("{FAE04EC0-301F-11D3-BF4B-00C04F79EFBC}") = "Ejercicio2c4030349", "Ejercicio2c4030349\Ejercicio2c4030349.csproj", "{77430F39-B4B9-42C3-8754-BFA2610D6582}"
EndProject
Global
	GlobalSection(SolutionConfigurationPlatforms) = preSolution
		Debug|Any CPU = Debug|Any CPU
		Release|Any CPU = Release|Any CPU
	EndGlobalSection
	GlobalSection(ProjectConfigurationPlatforms) = postSolution
		{77430F39-B4B9-42C3-8754-BFA2610D6582}.Debug|Any CPU.ActiveCfg = Debug|Any CPU
		{77430F39-B4B9-42C3-8754-BFA2610D6582}.Debug|Any CPU.Build.0 = Debug|Any CPU
		{77430F39-B4B9-42C3-8754-BFA2610D6582}.Debug|Any CPU.Deploy.0 = Debug|Any CPU
		{77430F39-B4B9-42C3-8754-BFA2610D6582}.Release|Any CPU.ActiveCfg = Release|Any CPU
		{77430F39-B4B9-42C3-8754-BFA2610D6582}.Release|Any CPU.Build.0 = Release|Any CPU
		{77430F39-B4B9-42C3-8754-BFA2610D6582}.Release|Any CPU.Deploy.0 = Release|Any CPU
	EndGlobalSection
	GlobalSection(SolutionProperties) = preSolution
		HideSolutionNode = FALSE
	EndGlobalSection
	GlobalSection(ExtensibilityGlobals) = postSolution
		SolutionGuid = {4142BA29-254A-46A1-8F39-FA062C59F4F7}
	EndGlobalSection
EndGlobal
